
Microsoft Visual Studio Solution File, Format Version 12.00
# Visual Studio 15
VisualStudioVersion = 15.0.27703.2035
MinimumVisualStudioVersion = 10.0.40219.1
Project("{FAE04EC0-301F-11D3-BF4B-00C04F79EFBC}") = "Javascript", "Javascript\Javascript.csproj", "{63FD6637-59ED-4311-87FB-60DE8C6671DF}"
EndProject
Global
	GlobalSection(SolutionConfigurationPlatforms) = preSolution
		Debug|Any CPU = Debug|Any CPU
		Release|Any CPU = Release|Any CPU
	EndGlobalSection
	GlobalSection(ProjectConfigurationPlatforms) = postSolution
		{63FD6637-59ED-4311-87FB-60DE8C6671DF}.Debug|Any CPU.ActiveCfg = Debug|Any CPU
		{63FD6637-59ED-4311-87FB-60DE8C6671DF}.Debug|Any CPU.Build.0 = Debug|Any CPU
		{63FD6637-59ED-4311-87FB-60DE8C6671DF}.Release|Any CPU.ActiveCfg = Release|Any CPU
		{63FD6637-59ED-4311-87FB-60DE8C6671DF}.Release|Any CPU.Build.0 = Release|Any CPU
	EndGlobalSection
	GlobalSection(SolutionProperties) = preSolution
		HideSolutionNode = FALSE
	EndGlobalSection
	GlobalSection(ExtensibilityGlobals) = postSolution
		SolutionGuid = {CBED118D-CCB5-4754-BD07-1C754B96689D}
	EndGlobalSection
EndGlobal
